
Microsoft Visual Studio Solution File, Format Version 12.00
# Visual Studio Version 16
VisualStudioVersion = 16.0.30621.155
MinimumVisualStudioVersion = 10.0.40219.1
Project("{FAE04EC0-301F-11D3-BF4B-00C04F79EFBC}") = "VosakOrg", "VosakOrg\VosakOrg.csproj", "{847F4F64-1745-45F7-BB61-4D3398AA4353}"
EndProject
Global
	GlobalSection(SolutionConfigurationPlatforms) = preSolution
		Debug|Any CPU = Debug|Any CPU
		Release|Any CPU = Release|Any CPU
	EndGlobalSection
	GlobalSection(ProjectConfigurationPlatforms) = postSolution
		{847F4F64-1745-45F7-BB61-4D3398AA4353}.Debug|Any CPU.ActiveCfg = Debug|Any CPU
		{847F4F64-1745-45F7-BB61-4D3398AA4353}.Debug|Any CPU.Build.0 = Debug|Any CPU
		{847F4F64-1745-45F7-BB61-4D3398AA4353}.Release|Any CPU.ActiveCfg = Release|Any CPU
		{847F4F64-1745-45F7-BB61-4D3398AA4353}.Release|Any CPU.Build.0 = Release|Any CPU
	EndGlobalSection
	GlobalSection(SolutionProperties) = preSolution
		HideSolutionNode = FALSE
	EndGlobalSection
	GlobalSection(ExtensibilityGlobals) = postSolution
		SolutionGuid = {833E2B0B-BBB1-40AA-8F31-2DF5FE2FA393}
	EndGlobalSection
EndGlobal
