
Microsoft Visual Studio Solution File, Format Version 12.00
# Visual Studio Version 16
VisualStudioVersion = 16.0.30621.155
MinimumVisualStudioVersion = 10.0.40219.1
Project("{9A19103F-16F7-4668-BE54-9A1E7A4F7556}") = "VosakOrgWeb", "VosakOrgWeb.csproj", "{0B0E38C8-F173-4C7D-9A25-282D3DFC8DAE}"
EndProject
Project("{FAE04EC0-301F-11D3-BF4B-00C04F79EFBC}") = "VosakOrgDataAccessLayer", "..\VosakOrgDataAccessLayer\VosakOrgDataAccessLayer.csproj", "{4263C9E0-CF00-48DD-9712-CAC21DE1DCDF}"
EndProject
Project("{FAE04EC0-301F-11D3-BF4B-00C04F79EFBC}") = "VosakOrgRepositoryLayer", "..\VosakOrgRepositoryLayer\VosakOrgRepositoryLayer.csproj", "{0462AF0E-0095-48BD-B77B-4C9C9FAFED4B}"
EndProject
Project("{FAE04EC0-301F-11D3-BF4B-00C04F79EFBC}") = "VosakOrgServiceLayer", "..\VosakOrgServiceLayer\VosakOrgServiceLayer.csproj", "{3893D09B-FDCF-4BFE-B47F-CC083F8AF026}"
EndProject
Global
	GlobalSection(SolutionConfigurationPlatforms) = preSolution
		Debug|Any CPU = Debug|Any CPU
		Release|Any CPU = Release|Any CPU
	EndGlobalSection
	GlobalSection(ProjectConfigurationPlatforms) = postSolution
		{0B0E38C8-F173-4C7D-9A25-282D3DFC8DAE}.Debug|Any CPU.ActiveCfg = Debug|Any CPU
		{0B0E38C8-F173-4C7D-9A25-282D3DFC8DAE}.Debug|Any CPU.Build.0 = Debug|Any CPU
		{0B0E38C8-F173-4C7D-9A25-282D3DFC8DAE}.Release|Any CPU.ActiveCfg = Release|Any CPU
		{0B0E38C8-F173-4C7D-9A25-282D3DFC8DAE}.Release|Any CPU.Build.0 = Release|Any CPU
		{4263C9E0-CF00-48DD-9712-CAC21DE1DCDF}.Debug|Any CPU.ActiveCfg = Debug|Any CPU
		{4263C9E0-CF00-48DD-9712-CAC21DE1DCDF}.Debug|Any CPU.Build.0 = Debug|Any CPU
		{4263C9E0-CF00-48DD-9712-CAC21DE1DCDF}.Release|Any CPU.ActiveCfg = Release|Any CPU
		{4263C9E0-CF00-48DD-9712-CAC21DE1DCDF}.Release|Any CPU.Build.0 = Release|Any CPU
		{0462AF0E-0095-48BD-B77B-4C9C9FAFED4B}.Debug|Any CPU.ActiveCfg = Debug|Any CPU
		{0462AF0E-0095-48BD-B77B-4C9C9FAFED4B}.Debug|Any CPU.Build.0 = Debug|Any CPU
		{0462AF0E-0095-48BD-B77B-4C9C9FAFED4B}.Release|Any CPU.ActiveCfg = Release|Any CPU
		{0462AF0E-0095-48BD-B77B-4C9C9FAFED4B}.Release|Any CPU.Build.0 = Release|Any CPU
		{3893D09B-FDCF-4BFE-B47F-CC083F8AF026}.Debug|Any CPU.ActiveCfg = Debug|Any CPU
		{3893D09B-FDCF-4BFE-B47F-CC083F8AF026}.Debug|Any CPU.Build.0 = Debug|Any CPU
		{3893D09B-FDCF-4BFE-B47F-CC083F8AF026}.Release|Any CPU.ActiveCfg = Release|Any CPU
		{3893D09B-FDCF-4BFE-B47F-CC083F8AF026}.Release|Any CPU.Build.0 = Release|Any CPU
	EndGlobalSection
	GlobalSection(SolutionProperties) = preSolution
		HideSolutionNode = FALSE
	EndGlobalSection
	GlobalSection(ExtensibilityGlobals) = postSolution
		SolutionGuid = {5D856226-9F08-48C4-8F6A-59974858C644}
	EndGlobalSection
EndGlobal
